
Microsoft Visual Studio Solution File, Format Version 12.00
# Visual Studio 15
VisualStudioVersion = 15.0.28307.421
MinimumVisualStudioVersion = 10.0.40219.1
Project("{FAE04EC0-301F-11D3-BF4B-00C04F79EFBC}") = "Shapes.UI", "Shapes.UI\Shapes.UI.csproj", "{832209F2-901B-4A4A-8C9C-2F1272253337}"
EndProject
Project("{FAE04EC0-301F-11D3-BF4B-00C04F79EFBC}") = "Shapes.Library", "Shapes.Library\Shapes.Library.csproj", "{7970494E-39C5-4BA8-993E-D17A5888B9D2}"
EndProject
Global
	GlobalSection(SolutionConfigurationPlatforms) = preSolution
		Debug|Any CPU = Debug|Any CPU
		Release|Any CPU = Release|Any CPU
	EndGlobalSection
	GlobalSection(ProjectConfigurationPlatforms) = postSolution
		{832209F2-901B-4A4A-8C9C-2F1272253337}.Debug|Any CPU.ActiveCfg = Debug|Any CPU
		{832209F2-901B-4A4A-8C9C-2F1272253337}.Debug|Any CPU.Build.0 = Debug|Any CPU
		{832209F2-901B-4A4A-8C9C-2F1272253337}.Release|Any CPU.ActiveCfg = Release|Any CPU
		{832209F2-901B-4A4A-8C9C-2F1272253337}.Release|Any CPU.Build.0 = Release|Any CPU
		{7970494E-39C5-4BA8-993E-D17A5888B9D2}.Debug|Any CPU.ActiveCfg = Debug|Any CPU
		{7970494E-39C5-4BA8-993E-D17A5888B9D2}.Debug|Any CPU.Build.0 = Debug|Any CPU
		{7970494E-39C5-4BA8-993E-D17A5888B9D2}.Release|Any CPU.ActiveCfg = Release|Any CPU
		{7970494E-39C5-4BA8-993E-D17A5888B9D2}.Release|Any CPU.Build.0 = Release|Any CPU
	EndGlobalSection
	GlobalSection(SolutionProperties) = preSolution
		HideSolutionNode = FALSE
	EndGlobalSection
	GlobalSection(ExtensibilityGlobals) = postSolution
		SolutionGuid = {5EA7A91E-55D8-4E86-A2B2-F63ED67F9E97}
	EndGlobalSection
EndGlobal
