
Microsoft Visual Studio Solution File, Format Version 12.00
# Visual Studio 15
VisualStudioVersion = 15.0.28307.421
MinimumVisualStudioVersion = 10.0.40219.1
Project("{FAE04EC0-301F-11D3-BF4B-00C04F79EFBC}") = "VideoGameOrderSystem.UI", "VideoGameOrderSystem.UI\VideoGameOrderSystem.UI.csproj", "{CCCA2969-32A0-473F-A365-C3F46F38E58D}"
EndProject
Project("{FAE04EC0-301F-11D3-BF4B-00C04F79EFBC}") = "VideoGameOrderSystem.Library", "VideoGameOrderSystem.Library\VideoGameOrderSystem.Library.csproj", "{A983902F-DBA0-4A0C-9735-55BE8537C12F}"
EndProject
Project("{FAE04EC0-301F-11D3-BF4B-00C04F79EFBC}") = "VideoGameOrderSystem.Test", "VideoGameOrderSystem.Test\VideoGameOrderSystem.Test.csproj", "{695BA314-DD7C-4B19-90EF-64251A4CF5E2}"
EndProject
Global
	GlobalSection(SolutionConfigurationPlatforms) = preSolution
		Debug|Any CPU = Debug|Any CPU
		Release|Any CPU = Release|Any CPU
	EndGlobalSection
	GlobalSection(ProjectConfigurationPlatforms) = postSolution
		{CCCA2969-32A0-473F-A365-C3F46F38E58D}.Debug|Any CPU.ActiveCfg = Debug|Any CPU
		{CCCA2969-32A0-473F-A365-C3F46F38E58D}.Debug|Any CPU.Build.0 = Debug|Any CPU
		{CCCA2969-32A0-473F-A365-C3F46F38E58D}.Release|Any CPU.ActiveCfg = Release|Any CPU
		{CCCA2969-32A0-473F-A365-C3F46F38E58D}.Release|Any CPU.Build.0 = Release|Any CPU
		{A983902F-DBA0-4A0C-9735-55BE8537C12F}.Debug|Any CPU.ActiveCfg = Debug|Any CPU
		{A983902F-DBA0-4A0C-9735-55BE8537C12F}.Debug|Any CPU.Build.0 = Debug|Any CPU
		{A983902F-DBA0-4A0C-9735-55BE8537C12F}.Release|Any CPU.ActiveCfg = Release|Any CPU
		{A983902F-DBA0-4A0C-9735-55BE8537C12F}.Release|Any CPU.Build.0 = Release|Any CPU
		{695BA314-DD7C-4B19-90EF-64251A4CF5E2}.Debug|Any CPU.ActiveCfg = Debug|Any CPU
		{695BA314-DD7C-4B19-90EF-64251A4CF5E2}.Debug|Any CPU.Build.0 = Debug|Any CPU
		{695BA314-DD7C-4B19-90EF-64251A4CF5E2}.Release|Any CPU.ActiveCfg = Release|Any CPU
		{695BA314-DD7C-4B19-90EF-64251A4CF5E2}.Release|Any CPU.Build.0 = Release|Any CPU
	EndGlobalSection
	GlobalSection(SolutionProperties) = preSolution
		HideSolutionNode = FALSE
	EndGlobalSection
	GlobalSection(ExtensibilityGlobals) = postSolution
		SolutionGuid = {CC42D60A-1450-46D0-961B-A6DDD02EE055}
	EndGlobalSection
EndGlobal
