
Microsoft Visual Studio Solution File, Format Version 12.00
# Visual Studio 15
VisualStudioVersion = 15.0.28307.421
MinimumVisualStudioVersion = 10.0.40219.1
Project("{FAE04EC0-301F-11D3-BF4B-00C04F79EFBC}") = "CollectionTesting.Library", "CollectionTesting.Library\CollectionTesting.Library.csproj", "{9C63CD1E-B6B0-46B7-8C71-8503B5DA7F4D}"
EndProject
Project("{FAE04EC0-301F-11D3-BF4B-00C04F79EFBC}") = "CollectionTesting.Tests", "CollectionTesting.Tests\CollectionTesting.Tests.csproj", "{F6CF737A-FA74-4B2B-8BE7-5F93E8F540BE}"
EndProject
Global
	GlobalSection(SolutionConfigurationPlatforms) = preSolution
		Debug|Any CPU = Debug|Any CPU
		Release|Any CPU = Release|Any CPU
	EndGlobalSection
	GlobalSection(ProjectConfigurationPlatforms) = postSolution
		{9C63CD1E-B6B0-46B7-8C71-8503B5DA7F4D}.Debug|Any CPU.ActiveCfg = Debug|Any CPU
		{9C63CD1E-B6B0-46B7-8C71-8503B5DA7F4D}.Debug|Any CPU.Build.0 = Debug|Any CPU
		{9C63CD1E-B6B0-46B7-8C71-8503B5DA7F4D}.Release|Any CPU.ActiveCfg = Release|Any CPU
		{9C63CD1E-B6B0-46B7-8C71-8503B5DA7F4D}.Release|Any CPU.Build.0 = Release|Any CPU
		{F6CF737A-FA74-4B2B-8BE7-5F93E8F540BE}.Debug|Any CPU.ActiveCfg = Debug|Any CPU
		{F6CF737A-FA74-4B2B-8BE7-5F93E8F540BE}.Debug|Any CPU.Build.0 = Debug|Any CPU
		{F6CF737A-FA74-4B2B-8BE7-5F93E8F540BE}.Release|Any CPU.ActiveCfg = Release|Any CPU
		{F6CF737A-FA74-4B2B-8BE7-5F93E8F540BE}.Release|Any CPU.Build.0 = Release|Any CPU
	EndGlobalSection
	GlobalSection(SolutionProperties) = preSolution
		HideSolutionNode = FALSE
	EndGlobalSection
	GlobalSection(ExtensibilityGlobals) = postSolution
		SolutionGuid = {C8DBE5C9-FA17-4506-B4B4-18007827443D}
	EndGlobalSection
EndGlobal
