
Microsoft Visual Studio Solution File, Format Version 12.00
# Visual Studio 15
VisualStudioVersion = 15.0.28307.421
MinimumVisualStudioVersion = 10.0.40219.1
Project("{FAE04EC0-301F-11D3-BF4B-00C04F79EFBC}") = "Collections", "Collections\Collections.csproj", "{B75ED721-6FC4-497C-A6A0-75CE22C346A4}"
EndProject
Global
	GlobalSection(SolutionConfigurationPlatforms) = preSolution
		Debug|Any CPU = Debug|Any CPU
		Release|Any CPU = Release|Any CPU
	EndGlobalSection
	GlobalSection(ProjectConfigurationPlatforms) = postSolution
		{B75ED721-6FC4-497C-A6A0-75CE22C346A4}.Debug|Any CPU.ActiveCfg = Debug|Any CPU
		{B75ED721-6FC4-497C-A6A0-75CE22C346A4}.Debug|Any CPU.Build.0 = Debug|Any CPU
		{B75ED721-6FC4-497C-A6A0-75CE22C346A4}.Release|Any CPU.ActiveCfg = Release|Any CPU
		{B75ED721-6FC4-497C-A6A0-75CE22C346A4}.Release|Any CPU.Build.0 = Release|Any CPU
	EndGlobalSection
	GlobalSection(SolutionProperties) = preSolution
		HideSolutionNode = FALSE
	EndGlobalSection
	GlobalSection(ExtensibilityGlobals) = postSolution
		SolutionGuid = {1ECDC744-8FC7-40D7-B71B-A7D50751AB2D}
	EndGlobalSection
EndGlobal
